
Microsoft Visual Studio Solution File, Format Version 12.00
# Visual Studio Version 17
VisualStudioVersion = 17.9.34723.18
MinimumVisualStudioVersion = 10.0.40219.1
Project("{FAE04EC0-301F-11D3-BF4B-00C04F79EFBC}") = "WorldCities.Server", "WorldCities.Server\WorldCities.Server.csproj", "{C8F2F5FF-95FA-486B-857D-57C4D1C2AE8D}"
EndProject
Project("{54A90642-561A-4BB1-A94E-469ADEE60C69}") = "worldcities.client", "worldcities.client\worldcities.client.esproj", "{4C438D26-2181-4B96-AF4E-A856EF92DCD3}"
EndProject
Global
	GlobalSection(SolutionConfigurationPlatforms) = preSolution
		Debug|Any CPU = Debug|Any CPU
		Release|Any CPU = Release|Any CPU
	EndGlobalSection
	GlobalSection(ProjectConfigurationPlatforms) = postSolution
		{C8F2F5FF-95FA-486B-857D-57C4D1C2AE8D}.Debug|Any CPU.ActiveCfg = Debug|Any CPU
		{C8F2F5FF-95FA-486B-857D-57C4D1C2AE8D}.Debug|Any CPU.Build.0 = Debug|Any CPU
		{C8F2F5FF-95FA-486B-857D-57C4D1C2AE8D}.Release|Any CPU.ActiveCfg = Release|Any CPU
		{C8F2F5FF-95FA-486B-857D-57C4D1C2AE8D}.Release|Any CPU.Build.0 = Release|Any CPU
		{4C438D26-2181-4B96-AF4E-A856EF92DCD3}.Debug|Any CPU.ActiveCfg = Debug|Any CPU
		{4C438D26-2181-4B96-AF4E-A856EF92DCD3}.Debug|Any CPU.Build.0 = Debug|Any CPU
		{4C438D26-2181-4B96-AF4E-A856EF92DCD3}.Debug|Any CPU.Deploy.0 = Debug|Any CPU
		{4C438D26-2181-4B96-AF4E-A856EF92DCD3}.Release|Any CPU.ActiveCfg = Release|Any CPU
		{4C438D26-2181-4B96-AF4E-A856EF92DCD3}.Release|Any CPU.Build.0 = Release|Any CPU
		{4C438D26-2181-4B96-AF4E-A856EF92DCD3}.Release|Any CPU.Deploy.0 = Release|Any CPU
	EndGlobalSection
	GlobalSection(SolutionProperties) = preSolution
		HideSolutionNode = FALSE
	EndGlobalSection
	GlobalSection(ExtensibilityGlobals) = postSolution
		SolutionGuid = {415A3267-92DB-4BA0-AFFC-194438156453}
	EndGlobalSection
EndGlobal
